
Microsoft Visual Studio Solution File, Format Version 12.00
# Visual Studio Version 16
VisualStudioVersion = 16.0.30907.101
MinimumVisualStudioVersion = 10.0.40219.1
Project("{9A19103F-16F7-4668-BE54-9A1E7A4F7556}") = "RefOutMethodDemo", "RefOutMethodDemo.csproj", "{9ACCF34A-6DE4-4C34-946F-23714E7397B8}"
EndProject
Project("{FAE04EC0-301F-11D3-BF4B-00C04F79EFBC}") = "DictionaryDemo", "..\DictionaryDemo\DictionaryDemo.csproj", "{AAAB0A0F-8DD2-41FC-87ED-80B2F26278D2}"
EndProject
Global
	GlobalSection(SolutionConfigurationPlatforms) = preSolution
		Debug|Any CPU = Debug|Any CPU
		Release|Any CPU = Release|Any CPU
	EndGlobalSection
	GlobalSection(ProjectConfigurationPlatforms) = postSolution
		{9ACCF34A-6DE4-4C34-946F-23714E7397B8}.Debug|Any CPU.ActiveCfg = Debug|Any CPU
		{9ACCF34A-6DE4-4C34-946F-23714E7397B8}.Debug|Any CPU.Build.0 = Debug|Any CPU
		{9ACCF34A-6DE4-4C34-946F-23714E7397B8}.Release|Any CPU.ActiveCfg = Release|Any CPU
		{9ACCF34A-6DE4-4C34-946F-23714E7397B8}.Release|Any CPU.Build.0 = Release|Any CPU
		{AAAB0A0F-8DD2-41FC-87ED-80B2F26278D2}.Debug|Any CPU.ActiveCfg = Debug|Any CPU
		{AAAB0A0F-8DD2-41FC-87ED-80B2F26278D2}.Debug|Any CPU.Build.0 = Debug|Any CPU
		{AAAB0A0F-8DD2-41FC-87ED-80B2F26278D2}.Release|Any CPU.ActiveCfg = Release|Any CPU
		{AAAB0A0F-8DD2-41FC-87ED-80B2F26278D2}.Release|Any CPU.Build.0 = Release|Any CPU
	EndGlobalSection
	GlobalSection(SolutionProperties) = preSolution
		HideSolutionNode = FALSE
	EndGlobalSection
	GlobalSection(ExtensibilityGlobals) = postSolution
		SolutionGuid = {1F2DD1E5-8996-42D0-8C1F-51DB356D6A9A}
	EndGlobalSection
EndGlobal
